<?xml version="1.0" encoding="utf-8"?>
<Project ToolsVersion="4.0" xmlns="http://schemas.microsoft.com/developer/msbuild/2003">
  <ItemGroup>
    <Filter Include="src">
      <UniqueIdentifier>{d8376475-7454-4a24-b08a-aac121d3ad6f}</UniqueIdentifier>
    </Filter>
    <Filter Include="addons">
      <UniqueIdentifier>{4269117e-9466-4256-bc10-0c5b2d989666}</UniqueIdentifier>
    </Filter>
    <Filter Include="addons\ofxRay">
      <UniqueIdentifier>{17463092-f447-4dca-8326-1d7f4d25075a}</UniqueIdentifier>
    </Filter>
  </ItemGroup>
  <ItemGroup>
    <ResourceCompile Include="icon.rc" />
  </ItemGroup>
  <ItemGroup>
    <ClInclude Include="renderer.h">
      <Filter>src</Filter>
    </ClInclude>
    <ClInclude Include="ofApp.h">
      <Filter>src</Filter>
    </ClInclude>
    <ClInclude Include="primitive.h">
      <Filter>src</Filter>
    </ClInclude>
    <ClInclude Include="..\..\..\addons\ofxGui\src\ofxBaseGui.h">
      <Filter>addons</Filter>
    </ClInclude>
    <ClInclude Include="..\..\..\addons\ofxGui\src\ofxButton.h">
      <Filter>addons</Filter>
    </ClInclude>
    <ClInclude Include="..\..\..\addons\ofxGui\src\ofxGui.h">
      <Filter>addons</Filter>
    </ClInclude>
    <ClInclude Include="..\..\..\addons\ofxGui\src\ofxGuiGroup.h">
      <Filter>addons</Filter>
    </ClInclude>
    <ClInclude Include="..\..\..\addons\ofxGui\src\ofxLabel.h">
      <Filter>addons</Filter>
    </ClInclude>
    <ClInclude Include="..\..\..\addons\ofxGui\src\ofxPanel.h">
      <Filter>addons</Filter>
    </ClInclude>
    <ClInclude Include="..\..\..\addons\ofxGui\src\ofxSlider.h">
      <Filter>addons</Filter>
    </ClInclude>
    <ClInclude Include="..\..\..\addons\ofxGui\src\ofxSliderGroup.h">
      <Filter>addons</Filter>
    </ClInclude>
    <ClInclude Include="..\..\..\addons\ofxGui\src\ofxToggle.h">
      <Filter>addons</Filter>
    </ClInclude>
    <ClInclude Include="scene.h">
      <Filter>src</Filter>
    </ClInclude>
    <ClInclude Include="ofxCheckBox.h">
      <Filter>src</Filter>
    </ClInclude>
    <ClInclude Include="..\..\..\addons\ofxRay\src\ofxRay.h">
      <Filter>addons</Filter>
    </ClInclude>
    <ClInclude Include="..\..\..\addons\ofxRay\src\ofxRay\Base.h">
      <Filter>addons\ofxRay</Filter>
    </ClInclude>
    <ClInclude Include="..\..\..\addons\ofxRay\src\ofxRay\Camera.h">
      <Filter>addons\ofxRay</Filter>
    </ClInclude>
    <ClInclude Include="..\..\..\addons\ofxRay\src\ofxRay\Plane.h">
      <Filter>addons\ofxRay</Filter>
    </ClInclude>
    <ClInclude Include="..\..\..\addons\ofxRay\src\ofxRay\Projector.h">
      <Filter>addons\ofxRay</Filter>
    </ClInclude>
    <ClInclude Include="..\..\..\addons\ofxRay\src\ofxRay\Ray.h">
      <Filter>addons\ofxRay</Filter>
    </ClInclude>
    <ClInclude Include="primitive2d.h">
      <Filter>src</Filter>
    </ClInclude>
    <ClInclude Include="camera.h">
      <Filter>src</Filter>
    </ClInclude>
  </ItemGroup>
  <ItemGroup>
    <ClCompile Include="main.cpp">
      <Filter>src</Filter>
    </ClCompile>
    <ClCompile Include="ofApp.cpp">
      <Filter>src</Filter>
    </ClCompile>
    <ClCompile Include="renderer.cpp">
      <Filter>src</Filter>
    </ClCompile>
    <ClCompile Include="primitive.cpp">
      <Filter>src</Filter>
    </ClCompile>
    <ClCompile Include="..\..\..\addons\ofxGui\src\ofxBaseGui.cpp">
      <Filter>addons</Filter>
    </ClCompile>
    <ClCompile Include="..\..\..\addons\ofxGui\src\ofxButton.cpp">
      <Filter>addons</Filter>
    </ClCompile>
    <ClCompile Include="..\..\..\addons\ofxGui\src\ofxGuiGroup.cpp">
      <Filter>addons</Filter>
    </ClCompile>
    <ClCompile Include="..\..\..\addons\ofxGui\src\ofxLabel.cpp">
      <Filter>addons</Filter>
    </ClCompile>
    <ClCompile Include="..\..\..\addons\ofxGui\src\ofxPanel.cpp">
      <Filter>addons</Filter>
    </ClCompile>
    <ClCompile Include="..\..\..\addons\ofxGui\src\ofxSlider.cpp">
      <Filter>addons</Filter>
    </ClCompile>
    <ClCompile Include="..\..\..\addons\ofxGui\src\ofxSliderGroup.cpp">
      <Filter>addons</Filter>
    </ClCompile>
    <ClCompile Include="..\..\..\addons\ofxGui\src\ofxToggle.cpp">
      <Filter>addons</Filter>
    </ClCompile>
    <ClCompile Include="scene.cpp">
      <Filter>src</Filter>
    </ClCompile>
    <ClCompile Include="ofxCheckBox.cpp">
      <Filter>src</Filter>
    </ClCompile>
    <ClCompile Include="..\..\..\addons\ofxRay\src\ofxRay\Base.cpp">
      <Filter>addons\ofxRay</Filter>
    </ClCompile>
    <ClCompile Include="..\..\..\addons\ofxRay\src\ofxRay\Camera.cpp">
      <Filter>addons\ofxRay</Filter>
    </ClCompile>
    <ClCompile Include="..\..\..\addons\ofxRay\src\ofxRay\Plane.cpp">
      <Filter>addons\ofxRay</Filter>
    </ClCompile>
    <ClCompile Include="..\..\..\addons\ofxRay\src\ofxRay\Plane_fitToPoints.cpp">
      <Filter>addons\ofxRay</Filter>
    </ClCompile>
    <ClCompile Include="..\..\..\addons\ofxRay\src\ofxRay\Projector.cpp">
      <Filter>addons\ofxRay</Filter>
    </ClCompile>
    <ClCompile Include="..\..\..\addons\ofxRay\src\ofxRay\Ray.cpp">
      <Filter>addons\ofxRay</Filter>
    </ClCompile>
    <ClCompile Include="primitive2d.cpp">
      <Filter>src</Filter>
    </ClCompile>
    <ClCompile Include="camera.cpp">
      <Filter>src</Filter>
    </ClCompile>
  </ItemGroup>
</Project>